
Microsoft Visual Studio Solution File, Format Version 12.00
# Visual Studio Version 17
VisualStudioVersion = 17.5.33502.453
MinimumVisualStudioVersion = 10.0.40219.1
Project("{888888A0-9F3D-457C-B088-3A5042F75D52}") = "if语句", "if语句.pyproj", "{C4337105-51E1-4FC5-AC45-BB71F407E155}"
EndProject
Global
	GlobalSection(SolutionConfigurationPlatforms) = preSolution
		Debug|Any CPU = Debug|Any CPU
		Release|Any CPU = Release|Any CPU
	EndGlobalSection
	GlobalSection(ProjectConfigurationPlatforms) = postSolution
		{C4337105-51E1-4FC5-AC45-BB71F407E155}.Debug|Any CPU.ActiveCfg = Debug|Any CPU
		{C4337105-51E1-4FC5-AC45-BB71F407E155}.Release|Any CPU.ActiveCfg = Release|Any CPU
	EndGlobalSection
	GlobalSection(SolutionProperties) = preSolution
		HideSolutionNode = FALSE
	EndGlobalSection
	GlobalSection(ExtensibilityGlobals) = postSolution
		SolutionGuid = {42A5F352-8878-4678-9BD2-2B4BD69A3464}
	EndGlobalSection
EndGlobal
